
Microsoft Visual Studio Solution File, Format Version 12.00
Project("{9A19103F-16F7-4668-BE54-9A1E7A4F7556}") = "BsfEditor", "BsfEditor\BsfEditor.csproj", "{2E05E2F4-231A-4E58-9DF7-E716B71338E6}"
EndProject
Global
	GlobalSection(SolutionConfigurationPlatforms) = preSolution
		Debug|Any CPU = Debug|Any CPU
		Release|Any CPU = Release|Any CPU
	EndGlobalSection
	GlobalSection(ProjectConfigurationPlatforms) = postSolution
		{2E05E2F4-231A-4E58-9DF7-E716B71338E6}.Debug|Any CPU.ActiveCfg = Debug|Any CPU
		{2E05E2F4-231A-4E58-9DF7-E716B71338E6}.Debug|Any CPU.Build.0 = Debug|Any CPU
		{2E05E2F4-231A-4E58-9DF7-E716B71338E6}.Release|Any CPU.ActiveCfg = Release|Any CPU
		{2E05E2F4-231A-4E58-9DF7-E716B71338E6}.Release|Any CPU.Build.0 = Release|Any CPU
	EndGlobalSection
EndGlobal
